DEPENDENCIES
  apt
    git: git@github.com:opscode-cookbooks/apt.git
    revision: ac1917c66a9d67fb4a0afeffaa92195b7385887e
  base
    path: site-cookbooks/base
  chef-client
  lvm
    git: https://github.com/opscode-cookbooks/lvm.git
    revision: 2ad7e288d34e7127d448243011d82413d5b104d4
  ntp
    git: https://github.com/opscode-cookbooks/ntp.git
    revision: 335a88eea48d3f4a8765a37941980be4df0f97ac
  openssh
  ssh_known_hosts
  sudo
    git: git@github.com:express42-cookbooks/sudo.git
    revision: e76baf470e25dac18014b423aa712b854c87d94c
  sysctl
    git: git@github.com:express42-cookbooks/sysctl.git
    revision: 3d3d41d701da0615f7ee9d43f38bf3921c02f73f
  user
    git: https://github.com/fnichol/chef-user.git
    revision: 62e3e2b6848445f80ba1ff22bd82c57c63fa72e5

GRAPH
  apt (2.4.1)
  base (0.1.0)
    apt (>= 0.0.0)
    sudo (>= 0.0.0)
    user (>= 0.0.0)
  chef-client (3.6.0)
    cron (>= 1.2.0)
    logrotate (>= 1.2.0)
  cron (1.4.0)
  iptables (0.13.2)
  logrotate (1.6.0)
  lvm (1.1.3)
  ntp (1.6.3)
  openssh (1.3.4)
    iptables (>= 0.0.0)
  partial_search (1.0.8)
  ssh_known_hosts (1.3.2)
    partial_search (>= 0.0.0)
  sudo (1.1.1)
  sysctl (0.2.2)
  user (0.3.1)
