SITE
  remote: http://community.opscode.com/api/v1
  specs:
    base (0.1.0)
    chef-client (3.2.2)
      cron (>= 1.2.0)
      logrotate (>= 1.2.0)
    cron (1.2.8)
    iptables (0.12.0)
    logrotate (1.5.0)
    openssh (1.3.2)
      iptables (>= 0.0.0)
    partial_search (1.0.6)
    ssh_known_hosts (1.1.0)
      partial_search (>= 0.0.0)
    timezone-ii (0.2.0)

GIT
  remote: git@github.com:express42-cookbooks/sudo.git
  ref: master
  sha: e76baf470e25dac18014b423aa712b854c87d94c
  specs:
    sudo (1.1.1)

GIT
  remote: git@github.com:express42-cookbooks/sysctl.git
  ref: master
  sha: 3d3d41d701da0615f7ee9d43f38bf3921c02f73f
  specs:
    sysctl (0.2.2)

GIT
  remote: git@github.com:opscode-cookbooks/apt.git
  ref: master
  sha: 929820578cae7e7fd5b2e81dc35512f6fed8c8ce
  specs:
    apt (2.3.9)

GIT
  remote: https://github.com/fnichol/chef-user.git
  ref: master
  sha: ce45d05e13491a82cbb5a2c36292391f3a1aaa36
  specs:
    user (0.3.1)

GIT
  remote: https://github.com/opscode-cookbooks/lvm.git
  ref: master
  sha: 948ab1158d7860c709172e0801d5fefe7d9bf626
  specs:
    lvm (1.0.5)

GIT
  remote: https://github.com/opscode-cookbooks/ntp.git
  ref: master
  sha: 3cb1c36c066859788511f0e5016a9546dc1597a7
  specs:
    ntp (1.5.5)

DEPENDENCIES
  apt (>= 0)
  base (>= 0)
  chef-client (>= 0)
  lvm (>= 0)
  ntp (>= 0)
  openssh (>= 0)
  ssh_known_hosts (>= 0)
  sudo (>= 0)
  sysctl (>= 0)
  timezone-ii (>= 0)
  user (>= 0)

